// !$*UTF8*$!
{
	archiveVersion = 1;
	classes = {
	};
	objectVersion = 50;
	objects = {

/* Begin PBXBuildFile section */
		80CA79ABC9BBCDFB62B33AA9 /* libPods-FiveIosDemoTests.a in Frameworks */ = {isa = PBXBuildFile; fileRef = 57B0D39BBE1928B782BD674B /* libPods-FiveIosDemoTests.a */; };
		8641D0D33B48D880C797B4A6 /* libPods-FiveIosDemo.a in Frameworks */ = {isa = PBXBuildFile; fileRef = 76E9FA2B5901085219BB2DED /* libPods-FiveIosDemo.a */; };
		C0813819F4AB1A450EA579ED /* libPods-FiveIosDemoUITests.a in Frameworks */ = {isa = PBXBuildFile; fileRef = 4EB5AB9035CAC800B11C2731 /* libPods-FiveIosDemoUITests.a */; };
		D0F47359228E889C0085095D /* AppDelegate.m in Sources */ = {isa = PBXBuildFile; fileRef = D0F47358228E889C0085095D /* AppDelegate.m */; };
		D0F4735C228E889C0085095D /* ViewController.m in Sources */ = {isa = PBXBuildFile; fileRef = D0F4735B228E889C0085095D /* ViewController.m */; };
		D0F4735F228E889C0085095D /* Main.storyboard in Resources */ = {isa = PBXBuildFile; fileRef = D0F4735D228E889C0085095D /* Main.storyboard */; };
		D0F47361228E889E0085095D /* Assets.xcassets in Resources */ = {isa = PBXBuildFile; fileRef = D0F47360228E889E0085095D /* Assets.xcassets */; };
		D0F47364228E889E0085095D /* LaunchScreen.storyboard in Resources */ = {isa = PBXBuildFile; fileRef = D0F47362228E889E0085095D /* LaunchScreen.storyboard */; };
		D0F47367228E889E0085095D /* main.m in Sources */ = {isa = PBXBuildFile; fileRef = D0F47366228E889E0085095D /* main.m */; };
		D0F47371228E889E0085095D /* FiveIosDemoTests.m in Sources */ = {isa = PBXBuildFile; fileRef = D0F47370228E889E0085095D /* FiveIosDemoTests.m */; };
		D0F4737C228E889E0085095D /* FiveIosDemoUITests.m in Sources */ = {isa = PBXBuildFile; fileRef = D0F4737B228E889E0085095D /* FiveIosDemoUITests.m */; };
		D0F4738C228E967B0085095D /* libc++.tbd in Frameworks */ = {isa = PBXBuildFile; fileRef = D0F4738B228E967B0085095D /* libc++.tbd */; };
		D0F47392228E97BA0085095D /* UIViewControllerDemo.xib in Resources */ = {isa = PBXBuildFile; fileRef = D0F4738D228E97BA0085095D /* UIViewControllerDemo.xib */; };
		D0F47393228E97BA0085095D /* DemoRouter.m in Sources */ = {isa = PBXBuildFile; fileRef = D0F47390228E97BA0085095D /* DemoRouter.m */; };
		D0F47394228E97BA0085095D /* UIViewControllerDemo.m in Sources */ = {isa = PBXBuildFile; fileRef = D0F47391228E97BA0085095D /* UIViewControllerDemo.m */; };
/* End PBXBuildFile section */

/* Begin PBXContainerItemProxy section */
		D0F4736D228E889E0085095D /* PBXContainerItemProxy */ = {
			isa = PBXContainerItemProxy;
			containerPortal = D0F4734C228E889C0085095D /* Project object */;
			proxyType = 1;
			remoteGlobalIDString = D0F47353228E889C0085095D;
			remoteInfo = FiveIosDemo;
		};
		D0F47378228E889E0085095D /* PBXContainerItemProxy */ = {
			isa = PBXContainerItemProxy;
			containerPortal = D0F4734C228E889C0085095D /* Project object */;
			proxyType = 1;
			remoteGlobalIDString = D0F47353228E889C0085095D;
			remoteInfo = FiveIosDemo;
		};
/* End PBXContainerItemProxy section */

/* Begin PBXFileReference section */
		4EB5AB9035CAC800B11C2731 /* libPods-FiveIosDemoUITests.a */ = {isa = PBXFileReference; explicitFileType = archive.ar; includeInIndex = 0; path = "libPods-FiveIosDemoUITests.a"; sourceTree = BUILT_PRODUCTS_DIR; };
		57B0D39BBE1928B782BD674B /* libPods-FiveIosDemoTests.a */ = {isa = PBXFileReference; explicitFileType = archive.ar; includeInIndex = 0; path = "libPods-FiveIosDemoTests.a"; sourceTree = BUILT_PRODUCTS_DIR; };
		6848AA602CEA3C22BBD55208 /* Pods-FiveIosDemoUITests.release.xcconfig */ = {isa = PBXFileReference; includeInIndex = 1; lastKnownFileType = text.xcconfig; name = "Pods-FiveIosDemoUITests.release.xcconfig"; path = "Pods/Target Support Files/Pods-FiveIosDemoUITests/Pods-FiveIosDemoUITests.release.xcconfig"; sourceTree = "<group>"; };
		76E9FA2B5901085219BB2DED /* libPods-FiveIosDemo.a */ = {isa = PBXFileReference; explicitFileType = archive.ar; includeInIndex = 0; path = "libPods-FiveIosDemo.a"; sourceTree = BUILT_PRODUCTS_DIR; };
		792E788C5940E30A61FA0F72 /* Pods-FiveIosDemo.release.xcconfig */ = {isa = PBXFileReference; includeInIndex = 1; lastKnownFileType = text.xcconfig; name = "Pods-FiveIosDemo.release.xcconfig"; path = "Pods/Target Support Files/Pods-FiveIosDemo/Pods-FiveIosDemo.release.xcconfig"; sourceTree = "<group>"; };
		84B6AFFA2012D5B092AA6B7E /* Pods-FiveIosDemoTests.debug.xcconfig */ = {isa = PBXFileReference; includeInIndex = 1; lastKnownFileType = text.xcconfig; name = "Pods-FiveIosDemoTests.debug.xcconfig"; path = "Pods/Target Support Files/Pods-FiveIosDemoTests/Pods-FiveIosDemoTests.debug.xcconfig"; sourceTree = "<group>"; };
		B7661753ED68C0C6BCA68B65 /* Pods-FiveIosDemoTests.release.xcconfig */ = {isa = PBXFileReference; includeInIndex = 1; lastKnownFileType = text.xcconfig; name = "Pods-FiveIosDemoTests.release.xcconfig"; path = "Pods/Target Support Files/Pods-FiveIosDemoTests/Pods-FiveIosDemoTests.release.xcconfig"; sourceTree = "<group>"; };
		C7EC6B08918B87B6C20537D6 /* Pods-FiveIosDemo.debug.xcconfig */ = {isa = PBXFileReference; includeInIndex = 1; lastKnownFileType = text.xcconfig; name = "Pods-FiveIosDemo.debug.xcconfig"; path = "Pods/Target Support Files/Pods-FiveIosDemo/Pods-FiveIosDemo.debug.xcconfig"; sourceTree = "<group>"; };
		D0F47354228E889C0085095D /* FiveIosDemo.app */ = {isa = PBXFileReference; explicitFileType = wrapper.application; includeInIndex = 0; path = FiveIosDemo.app; sourceTree = BUILT_PRODUCTS_DIR; };
		D0F47357228E889C0085095D /* AppDelegate.h */ = {isa = PBXFileReference; lastKnownFileType = sourcecode.c.h; path = AppDelegate.h; sourceTree = "<group>"; };
		D0F47358228E889C0085095D /* AppDelegate.m */ = {isa = PBXFileReference; lastKnownFileType = sourcecode.c.objc; path = AppDelegate.m; sourceTree = "<group>"; };
		D0F4735A228E889C0085095D /* ViewController.h */ = {isa = PBXFileReference; lastKnownFileType = sourcecode.c.h; path = ViewController.h; sourceTree = "<group>"; };
		D0F4735B228E889C0085095D /* ViewController.m */ = {isa = PBXFileReference; lastKnownFileType = sourcecode.c.objc; path = ViewController.m; sourceTree = "<group>"; };
		D0F4735E228E889C0085095D /* Base */ = {isa = PBXFileReference; lastKnownFileType = file.storyboard; name = Base; path = Base.lproj/Main.storyboard; sourceTree = "<group>"; };
		D0F47360228E889E0085095D /* Assets.xcassets */ = {isa = PBXFileReference; lastKnownFileType = folder.assetcatalog; path = Assets.xcassets; sourceTree = "<group>"; };
		D0F47363228E889E0085095D /* Base */ = {isa = PBXFileReference; lastKnownFileType = file.storyboard; name = Base; path = Base.lproj/LaunchScreen.storyboard; sourceTree = "<group>"; };
		D0F47365228E889E0085095D /* Info.plist */ = {isa = PBXFileReference; lastKnownFileType = text.plist.xml; path = Info.plist; sourceTree = "<group>"; };
		D0F47366228E889E0085095D /* main.m */ = {isa = PBXFileReference; lastKnownFileType = sourcecode.c.objc; path = main.m; sourceTree = "<group>"; };
		D0F4736C228E889E0085095D /* FiveIosDemoTests.xctest */ = {isa = PBXFileReference; explicitFileType = wrapper.cfbundle; includeInIndex = 0; path = FiveIosDemoTests.xctest; sourceTree = BUILT_PRODUCTS_DIR; };
		D0F47370228E889E0085095D /* FiveIosDemoTests.m */ = {isa = PBXFileReference; lastKnownFileType = sourcecode.c.objc; path = FiveIosDemoTests.m; sourceTree = "<group>"; };
		D0F47372228E889E0085095D /* Info.plist */ = {isa = PBXFileReference; lastKnownFileType = text.plist.xml; path = Info.plist; sourceTree = "<group>"; };
		D0F47377228E889E0085095D /* FiveIosDemoUITests.xctest */ = {isa = PBXFileReference; explicitFileType = wrapper.cfbundle; includeInIndex = 0; path = FiveIosDemoUITests.xctest; sourceTree = BUILT_PRODUCTS_DIR; };
		D0F4737B228E889E0085095D /* FiveIosDemoUITests.m */ = {isa = PBXFileReference; lastKnownFileType = sourcecode.c.objc; path = FiveIosDemoUITests.m; sourceTree = "<group>"; };
		D0F4737D228E889E0085095D /* Info.plist */ = {isa = PBXFileReference; lastKnownFileType = text.plist.xml; path = Info.plist; sourceTree = "<group>"; };
		D0F4738B228E967B0085095D /* libc++.tbd */ = {isa = PBXFileReference; lastKnownFileType = "sourcecode.text-based-dylib-definition"; name = "libc++.tbd"; path = "usr/lib/libc++.tbd"; sourceTree = SDKROOT; };
		D0F4738D228E97BA0085095D /* UIViewControllerDemo.xib */ = {isa = PBXFileReference; fileEncoding = 4; lastKnownFileType = file.xib; name = UIViewControllerDemo.xib; path = ../../../FiveTest/FiveIosDemo/FiveIosDemo/UIViewControllerDemo.xib; sourceTree = "<group>"; };
		D0F4738E228E97BA0085095D /* DemoRouter.h */ = {isa = PBXFileReference; fileEncoding = 4; lastKnownFileType = sourcecode.c.h; name = DemoRouter.h; path = ../../../FiveTest/FiveIosDemo/FiveIosDemo/DemoRouter.h; sourceTree = "<group>"; };
		D0F4738F228E97BA0085095D /* UIViewControllerDemo.h */ = {isa = PBXFileReference; fileEncoding = 4; lastKnownFileType = sourcecode.c.h; name = UIViewControllerDemo.h; path = ../../../FiveTest/FiveIosDemo/FiveIosDemo/UIViewControllerDemo.h; sourceTree = "<group>"; };
		D0F47390228E97BA0085095D /* DemoRouter.m */ = {isa = PBXFileReference; fileEncoding = 4; lastKnownFileType = sourcecode.c.objc; name = DemoRouter.m; path = ../../../FiveTest/FiveIosDemo/FiveIosDemo/DemoRouter.m; sourceTree = "<group>"; };
		D0F47391228E97BA0085095D /* UIViewControllerDemo.m */ = {isa = PBXFileReference; fileEncoding = 4; lastKnownFileType = sourcecode.c.objc; name = UIViewControllerDemo.m; path = ../../../FiveTest/FiveIosDemo/FiveIosDemo/UIViewControllerDemo.m; sourceTree = "<group>"; };
		FFCFC9BC15D7AF3C186E8307 /* Pods-FiveIosDemoUITests.debug.xcconfig */ = {isa = PBXFileReference; includeInIndex = 1; lastKnownFileType = text.xcconfig; name = "Pods-FiveIosDemoUITests.debug.xcconfig"; path = "Pods/Target Support Files/Pods-FiveIosDemoUITests/Pods-FiveIosDemoUITests.debug.xcconfig"; sourceTree = "<group>"; };
/* End PBXFileReference section */

/* Begin PBXFrameworksBuildPhase section */
		D0F47351228E889C0085095D /* Frameworks */ = {
			isa = PBXFrameworksBuildPhase;
			buildActionMask = 2147483647;
			files = (
				D0F4738C228E967B0085095D /* libc++.tbd in Frameworks */,
				8641D0D33B48D880C797B4A6 /* libPods-FiveIosDemo.a in Frameworks */,
			);
			runOnlyForDeploymentPostprocessing = 0;
		};
		D0F47369228E889E0085095D /* Frameworks */ = {
			isa = PBXFrameworksBuildPhase;
			buildActionMask = 2147483647;
			files = (
				80CA79ABC9BBCDFB62B33AA9 /* libPods-FiveIosDemoTests.a in Frameworks */,
			);
			runOnlyForDeploymentPostprocessing = 0;
		};
		D0F47374228E889E0085095D /* Frameworks */ = {
			isa = PBXFrameworksBuildPhase;
			buildActionMask = 2147483647;
			files = (
				C0813819F4AB1A450EA579ED /* libPods-FiveIosDemoUITests.a in Frameworks */,
			);
			runOnlyForDeploymentPostprocessing = 0;
		};
/* End PBXFrameworksBuildPhase section */

/* Begin PBXGroup section */
		A074B20B2511D33F4C74E575 /* Frameworks */ = {
			isa = PBXGroup;
			children = (
				D0F4738B228E967B0085095D /* libc++.tbd */,
				76E9FA2B5901085219BB2DED /* libPods-FiveIosDemo.a */,
				57B0D39BBE1928B782BD674B /* libPods-FiveIosDemoTests.a */,
				4EB5AB9035CAC800B11C2731 /* libPods-FiveIosDemoUITests.a */,
			);
			name = Frameworks;
			sourceTree = "<group>";
		};
		D0F4734B228E889C0085095D = {
			isa = PBXGroup;
			children = (
				D0F47356228E889C0085095D /* FiveIosDemo */,
				D0F4736F228E889E0085095D /* FiveIosDemoTests */,
				D0F4737A228E889E0085095D /* FiveIosDemoUITests */,
				D0F47355228E889C0085095D /* Products */,
				EF5AFD60A2924D1A2D5E1805 /* Pods */,
				A074B20B2511D33F4C74E575 /* Frameworks */,
			);
			sourceTree = "<group>";
		};
		D0F47355228E889C0085095D /* Products */ = {
			isa = PBXGroup;
			children = (
				D0F47354228E889C0085095D /* FiveIosDemo.app */,
				D0F4736C228E889E0085095D /* FiveIosDemoTests.xctest */,
				D0F47377228E889E0085095D /* FiveIosDemoUITests.xctest */,
			);
			name = Products;
			sourceTree = "<group>";
		};
		D0F47356228E889C0085095D /* FiveIosDemo */ = {
			isa = PBXGroup;
			children = (
				D0F4738E228E97BA0085095D /* DemoRouter.h */,
				D0F47390228E97BA0085095D /* DemoRouter.m */,
				D0F4738F228E97BA0085095D /* UIViewControllerDemo.h */,
				D0F47391228E97BA0085095D /* UIViewControllerDemo.m */,
				D0F4738D228E97BA0085095D /* UIViewControllerDemo.xib */,
				D0F47357228E889C0085095D /* AppDelegate.h */,
				D0F47358228E889C0085095D /* AppDelegate.m */,
				D0F4735A228E889C0085095D /* ViewController.h */,
				D0F4735B228E889C0085095D /* ViewController.m */,
				D0F4735D228E889C0085095D /* Main.storyboard */,
				D0F47360228E889E0085095D /* Assets.xcassets */,
				D0F47362228E889E0085095D /* LaunchScreen.storyboard */,
				D0F47365228E889E0085095D /* Info.plist */,
				D0F47366228E889E0085095D /* main.m */,
			);
			path = FiveIosDemo;
			sourceTree = "<group>";
		};
		D0F4736F228E889E0085095D /* FiveIosDemoTests */ = {
			isa = PBXGroup;
			children = (
				D0F47370228E889E0085095D /* FiveIosDemoTests.m */,
				D0F47372228E889E0085095D /* Info.plist */,
			);
			path = FiveIosDemoTests;
			sourceTree = "<group>";
		};
		D0F4737A228E889E0085095D /* FiveIosDemoUITests */ = {
			isa = PBXGroup;
			children = (
				D0F4737B228E889E0085095D /* FiveIosDemoUITests.m */,
				D0F4737D228E889E0085095D /* Info.plist */,
			);
			path = FiveIosDemoUITests;
			sourceTree = "<group>";
		};
		EF5AFD60A2924D1A2D5E1805 /* Pods */ = {
			isa = PBXGroup;
			children = (
				C7EC6B08918B87B6C20537D6 /* Pods-FiveIosDemo.debug.xcconfig */,
				792E788C5940E30A61FA0F72 /* Pods-FiveIosDemo.release.xcconfig */,
				84B6AFFA2012D5B092AA6B7E /* Pods-FiveIosDemoTests.debug.xcconfig */,
				B7661753ED68C0C6BCA68B65 /* Pods-FiveIosDemoTests.release.xcconfig */,
				FFCFC9BC15D7AF3C186E8307 /* Pods-FiveIosDemoUITests.debug.xcconfig */,
				6848AA602CEA3C22BBD55208 /* Pods-FiveIosDemoUITests.release.xcconfig */,
			);
			name = Pods;
			sourceTree = "<group>";
		};
/* End PBXGroup section */

/* Begin PBXNativeTarget section */
		D0F47353228E889C0085095D /* FiveIosDemo */ = {
			isa = PBXNativeTarget;
			buildConfigurationList = D0F47380228E889E0085095D /* Build configuration list for PBXNativeTarget "FiveIosDemo" */;
			buildPhases = (
				FB5125AC1C7C0BC70991A705 /* [CP] Check Pods Manifest.lock */,
				D0F47350228E889C0085095D /* Sources */,
				D0F47351228E889C0085095D /* Frameworks */,
				D0F47352228E889C0085095D /* Resources */,
				1DFA8CE120EC0DCD63590985 /* [CP] Embed Pods Frameworks */,
				D0F4738A228E929D0085095D /* ShellScript */,
			);
			buildRules = (
			);
			dependencies = (
			);
			name = FiveIosDemo;
			productName = FiveIosDemo;
			productReference = D0F47354228E889C0085095D /* FiveIosDemo.app */;
			productType = "com.apple.product-type.application";
		};
		D0F4736B228E889E0085095D /* FiveIosDemoTests */ = {
			isa = PBXNativeTarget;
			buildConfigurationList = D0F47383228E889E0085095D /* Build configuration list for PBXNativeTarget "FiveIosDemoTests" */;
			buildPhases = (
				339AB6295FEC8CE1A2F56D9D /* [CP] Check Pods Manifest.lock */,
				D0F47368228E889E0085095D /* Sources */,
				D0F47369228E889E0085095D /* Frameworks */,
				D0F4736A228E889E0085095D /* Resources */,
			);
			buildRules = (
			);
			dependencies = (
				D0F4736E228E889E0085095D /* PBXTargetDependency */,
			);
			name = FiveIosDemoTests;
			productName = FiveIosDemoTests;
			productReference = D0F4736C228E889E0085095D /* FiveIosDemoTests.xctest */;
			productType = "com.apple.product-type.bundle.unit-test";
		};
		D0F47376228E889E0085095D /* FiveIosDemoUITests */ = {
			isa = PBXNativeTarget;
			buildConfigurationList = D0F47386228E889E0085095D /* Build configuration list for PBXNativeTarget "FiveIosDemoUITests" */;
			buildPhases = (
				B2C9349402F47F0FCC0F3111 /* [CP] Check Pods Manifest.lock */,
				D0F47373228E889E0085095D /* Sources */,
				D0F47374228E889E0085095D /* Frameworks */,
				D0F47375228E889E0085095D /* Resources */,
			);
			buildRules = (
			);
			dependencies = (
				D0F47379228E889E0085095D /* PBXTargetDependency */,
			);
			name = FiveIosDemoUITests;
			productName = FiveIosDemoUITests;
			productReference = D0F47377228E889E0085095D /* FiveIosDemoUITests.xctest */;
			productType = "com.apple.product-type.bundle.ui-testing";
		};
/* End PBXNativeTarget section */

/* Begin PBXProject section */
		D0F4734C228E889C0085095D /* Project object */ = {
			isa = PBXProject;
			attributes = {
				LastUpgradeCheck = 1020;
				ORGANIZATIONNAME = "张荣";
				TargetAttributes = {
					D0F47353228E889C0085095D = {
						CreatedOnToolsVersion = 10.2.1;
					};
					D0F4736B228E889E0085095D = {
						CreatedOnToolsVersion = 10.2.1;
						TestTargetID = D0F47353228E889C0085095D;
					};
					D0F47376228E889E0085095D = {
						CreatedOnToolsVersion = 10.2.1;
						TestTargetID = D0F47353228E889C0085095D;
					};
				};
			};
			buildConfigurationList = D0F4734F228E889C0085095D /* Build configuration list for PBXProject "FiveIosDemo" */;
			compatibilityVersion = "Xcode 9.3";
			developmentRegion = en;
			hasScannedForEncodings = 0;
			knownRegions = (
				en,
				Base,
			);
			mainGroup = D0F4734B228E889C0085095D;
			productRefGroup = D0F47355228E889C0085095D /* Products */;
			projectDirPath = "";
			projectRoot = "";
			targets = (
				D0F47353228E889C0085095D /* FiveIosDemo */,
				D0F4736B228E889E0085095D /* FiveIosDemoTests */,
				D0F47376228E889E0085095D /* FiveIosDemoUITests */,
			);
		};
/* End PBXProject section */

/* Begin PBXResourcesBuildPhase section */
		D0F47352228E889C0085095D /* Resources */ = {
			isa = PBXResourcesBuildPhase;
			buildActionMask = 2147483647;
			files = (
				D0F47364228E889E0085095D /* LaunchScreen.storyboard in Resources */,
				D0F47361228E889E0085095D /* Assets.xcassets in Resources */,
				D0F4735F228E889C0085095D /* Main.storyboard in Resources */,
				D0F47392228E97BA0085095D /* UIViewControllerDemo.xib in Resources */,
			);
			runOnlyForDeploymentPostprocessing = 0;
		};
		D0F4736A228E889E0085095D /* Resources */ = {
			isa = PBXResourcesBuildPhase;
			buildActionMask = 2147483647;
			files = (
			);
			runOnlyForDeploymentPostprocessing = 0;
		};
		D0F47375228E889E0085095D /* Resources */ = {
			isa = PBXResourcesBuildPhase;
			buildActionMask = 2147483647;
			files = (
			);
			runOnlyForDeploymentPostprocessing = 0;
		};
/* End PBXResourcesBuildPhase section */

/* Begin PBXShellScriptBuildPhase section */
		1DFA8CE120EC0DCD63590985 /* [CP] Embed Pods Frameworks */ = {
			isa = PBXShellScriptBuildPhase;
			buildActionMask = 2147483647;
			files = (
			);
			inputFileListPaths = (
			);
			inputPaths = (
				"${SRCROOT}/Pods/Target Support Files/Pods-FiveIosDemo/Pods-FiveIosDemo-frameworks.sh",
				"${PODS_ROOT}/../../flutter_module/.ios/Flutter/engine/Flutter.framework",
			);
			name = "[CP] Embed Pods Frameworks";
			outputFileListPaths = (
			);
			outputPaths = (
				"${TARGET_BUILD_DIR}/${FRAMEWORKS_FOLDER_PATH}/Flutter.framework",
			);
			runOnlyForDeploymentPostprocessing = 0;
			shellPath = /bin/sh;
			shellScript = "\"${SRCROOT}/Pods/Target Support Files/Pods-FiveIosDemo/Pods-FiveIosDemo-frameworks.sh\"\n";
			showEnvVarsInLog = 0;
		};
		339AB6295FEC8CE1A2F56D9D /* [CP] Check Pods Manifest.lock */ = {
			isa = PBXShellScriptBuildPhase;
			buildActionMask = 2147483647;
			files = (
			);
			inputFileListPaths = (
			);
			inputPaths = (
				"${PODS_PODFILE_DIR_PATH}/Podfile.lock",
				"${PODS_ROOT}/Manifest.lock",
			);
			name = "[CP] Check Pods Manifest.lock";
			outputFileListPaths = (
			);
			outputPaths = (
				"$(DERIVED_FILE_DIR)/Pods-FiveIosDemoTests-checkManifestLockResult.txt",
			);
			runOnlyForDeploymentPostprocessing = 0;
			shellPath = /bin/sh;
			shellScript = "diff \"${PODS_PODFILE_DIR_PATH}/Podfile.lock\" \"${PODS_ROOT}/Manifest.lock\" > /dev/null\nif [ $? != 0 ] ; then\n    # print error to STDERR\n    echo \"error: The sandbox is not in sync with the Podfile.lock. Run 'pod install' or update your CocoaPods installation.\" >&2\n    exit 1\nfi\n# This output is used by Xcode 'outputs' to avoid re-running this script phase.\necho \"SUCCESS\" > \"${SCRIPT_OUTPUT_FILE_0}\"\n";
			showEnvVarsInLog = 0;
		};
		B2C9349402F47F0FCC0F3111 /* [CP] Check Pods Manifest.lock */ = {
			isa = PBXShellScriptBuildPhase;
			buildActionMask = 2147483647;
			files = (
			);
			inputFileListPaths = (
			);
			inputPaths = (
				"${PODS_PODFILE_DIR_PATH}/Podfile.lock",
				"${PODS_ROOT}/Manifest.lock",
			);
			name = "[CP] Check Pods Manifest.lock";
			outputFileListPaths = (
			);
			outputPaths = (
				"$(DERIVED_FILE_DIR)/Pods-FiveIosDemoUITests-checkManifestLockResult.txt",
			);
			runOnlyForDeploymentPostprocessing = 0;
			shellPath = /bin/sh;
			shellScript = "diff \"${PODS_PODFILE_DIR_PATH}/Podfile.lock\" \"${PODS_ROOT}/Manifest.lock\" > /dev/null\nif [ $? != 0 ] ; then\n    # print error to STDERR\n    echo \"error: The sandbox is not in sync with the Podfile.lock. Run 'pod install' or update your CocoaPods installation.\" >&2\n    exit 1\nfi\n# This output is used by Xcode 'outputs' to avoid re-running this script phase.\necho \"SUCCESS\" > \"${SCRIPT_OUTPUT_FILE_0}\"\n";
			showEnvVarsInLog = 0;
		};
		D0F4738A228E929D0085095D /* ShellScript */ = {
			isa = PBXShellScriptBuildPhase;
			buildActionMask = 2147483647;
			files = (
			);
			inputFileListPaths = (
			);
			inputPaths = (
			);
			outputFileListPaths = (
			);
			outputPaths = (
			);
			runOnlyForDeploymentPostprocessing = 0;
			shellPath = /bin/sh;
			shellScript = "\"$FLUTTER_ROOT/packages/flutter_tools/bin/xcode_backend.sh\" build\n\"$FLUTTER_ROOT/packages/flutter_tools/bin/xcode_backend.sh\" embed\n";
		};
		FB5125AC1C7C0BC70991A705 /* [CP] Check Pods Manifest.lock */ = {
			isa = PBXShellScriptBuildPhase;
			buildActionMask = 2147483647;
			files = (
			);
			inputFileListPaths = (
			);
			inputPaths = (
				"${PODS_PODFILE_DIR_PATH}/Podfile.lock",
				"${PODS_ROOT}/Manifest.lock",
			);
			name = "[CP] Check Pods Manifest.lock";
			outputFileListPaths = (
			);
			outputPaths = (
				"$(DERIVED_FILE_DIR)/Pods-FiveIosDemo-checkManifestLockResult.txt",
			);
			runOnlyForDeploymentPostprocessing = 0;
			shellPath = /bin/sh;
			shellScript = "diff \"${PODS_PODFILE_DIR_PATH}/Podfile.lock\" \"${PODS_ROOT}/Manifest.lock\" > /dev/null\nif [ $? != 0 ] ; then\n    # print error to STDERR\n    echo \"error: The sandbox is not in sync with the Podfile.lock. Run 'pod install' or update your CocoaPods installation.\" >&2\n    exit 1\nfi\n# This output is used by Xcode 'outputs' to avoid re-running this script phase.\necho \"SUCCESS\" > \"${SCRIPT_OUTPUT_FILE_0}\"\n";
			showEnvVarsInLog = 0;
		};
/* End PBXShellScriptBuildPhase section */

/* Begin PBXSourcesBuildPhase section */
		D0F47350228E889C0085095D /* Sources */ = {
			isa = PBXSourcesBuildPhase;
			buildActionMask = 2147483647;
			files = (
				D0F4735C228E889C0085095D /* ViewController.m in Sources */,
				D0F47393228E97BA0085095D /* DemoRouter.m in Sources */,
				D0F47367228E889E0085095D /* main.m in Sources */,
				D0F47394228E97BA0085095D /* UIViewControllerDemo.m in Sources */,
				D0F47359228E889C0085095D /* AppDelegate.m in Sources */,
			);
			runOnlyForDeploymentPostprocessing = 0;
		};
		D0F47368228E889E0085095D /* Sources */ = {
			isa = PBXSourcesBuildPhase;
			buildActionMask = 2147483647;
			files = (
				D0F47371228E889E0085095D /* FiveIosDemoTests.m in Sources */,
			);
			runOnlyForDeploymentPostprocessing = 0;
		};
		D0F47373228E889E0085095D /* Sources */ = {
			isa = PBXSourcesBuildPhase;
			buildActionMask = 2147483647;
			files = (
				D0F4737C228E889E0085095D /* FiveIosDemoUITests.m in Sources */,
			);
			runOnlyForDeploymentPostprocessing = 0;
		};
/* End PBXSourcesBuildPhase section */

/* Begin PBXTargetDependency section */
		D0F4736E228E889E0085095D /* PBXTargetDependency */ = {
			isa = PBXTargetDependency;
			target = D0F47353228E889C0085095D /* FiveIosDemo */;
			targetProxy = D0F4736D228E889E0085095D /* PBXContainerItemProxy */;
		};
		D0F47379228E889E0085095D /* PBXTargetDependency */ = {
			isa = PBXTargetDependency;
			target = D0F47353228E889C0085095D /* FiveIosDemo */;
			targetProxy = D0F47378228E889E0085095D /* PBXContainerItemProxy */;
		};
/* End PBXTargetDependency section */

/* Begin PBXVariantGroup section */
		D0F4735D228E889C0085095D /* Main.storyboard */ = {
			isa = PBXVariantGroup;
			children = (
				D0F4735E228E889C0085095D /* Base */,
			);
			name = Main.storyboard;
			sourceTree = "<group>";
		};
		D0F47362228E889E0085095D /* LaunchScreen.storyboard */ = {
			isa = PBXVariantGroup;
			children = (
				D0F47363228E889E0085095D /* Base */,
			);
			name = LaunchScreen.storyboard;
			sourceTree = "<group>";
		};
/* End PBXVariantGroup section */

/* Begin XCBuildConfiguration section */
		D0F4737E228E889E0085095D /* Debug */ = {
			isa = XCBuildConfiguration;
			buildSettings = {
				ALWAYS_SEARCH_USER_PATHS = NO;
				CLANG_ANALYZER_NONNULL = YES;
				CLANG_ANALYZER_NUMBER_OBJECT_CONVERSION = YES_AGGRESSIVE;
				CLANG_CXX_LANGUAGE_STANDARD = "gnu++14";
				CLANG_CXX_LIBRARY = "libc++";
				CLANG_ENABLE_MODULES = YES;
				CLANG_ENABLE_OBJC_ARC = YES;
				CLANG_ENABLE_OBJC_WEAK = YES;
				CLANG_WARN_BLOCK_CAPTURE_AUTORELEASING = YES;
				CLANG_WARN_BOOL_CONVERSION = YES;
				CLANG_WARN_COMMA = YES;
				CLANG_WARN_CONSTANT_CONVERSION = YES;
				CLANG_WARN_DEPRECATED_OBJC_IMPLEMENTATIONS = YES;
				CLANG_WARN_DIRECT_OBJC_ISA_USAGE = YES_ERROR;
				CLANG_WARN_DOCUMENTATION_COMMENTS = YES;
				CLANG_WARN_EMPTY_BODY = YES;
				CLANG_WARN_ENUM_CONVERSION = YES;
				CLANG_WARN_INFINITE_RECURSION = YES;
				CLANG_WARN_INT_CONVERSION = YES;
				CLANG_WARN_NON_LITERAL_NULL_CONVERSION = YES;
				CLANG_WARN_OBJC_IMPLICIT_RETAIN_SELF = YES;
				CLANG_WARN_OBJC_LITERAL_CONVERSION = YES;
				CLANG_WARN_OBJC_ROOT_CLASS = YES_ERROR;
				CLANG_WARN_RANGE_LOOP_ANALYSIS = YES;
				CLANG_WARN_STRICT_PROTOTYPES = YES;
				CLANG_WARN_SUSPICIOUS_MOVE = YES;
				CLANG_WARN_UNGUARDED_AVAILABILITY = YES_AGGRESSIVE;
				CLANG_WARN_UNREACHABLE_CODE = YES;
				CLANG_WARN__DUPLICATE_METHOD_MATCH = YES;
				CODE_SIGN_IDENTITY = "iPhone Developer";
				COPY_PHASE_STRIP = NO;
				DEBUG_INFORMATION_FORMAT = dwarf;
				ENABLE_STRICT_OBJC_MSGSEND = YES;
				ENABLE_TESTABILITY = YES;
				GCC_C_LANGUAGE_STANDARD = gnu11;
				GCC_DYNAMIC_NO_PIC = NO;
				GCC_NO_COMMON_BLOCKS = YES;
				GCC_OPTIMIZATION_LEVEL = 0;
				GCC_PREPROCESSOR_DEFINITIONS = (
					"DEBUG=1",
					"$(inherited)",
				);
				GCC_WARN_64_TO_32_BIT_CONVERSION = YES;
				GCC_WARN_ABOUT_RETURN_TYPE = YES_ERROR;
				GCC_WARN_UNDECLARED_SELECTOR = YES;
				GCC_WARN_UNINITIALIZED_AUTOS = YES_AGGRESSIVE;
				GCC_WARN_UNUSED_FUNCTION = YES;
				GCC_WARN_UNUSED_VARIABLE = YES;
				IPHONEOS_DEPLOYMENT_TARGET = 12.2;
				MTL_ENABLE_DEBUG_INFO = INCLUDE_SOURCE;
				MTL_FAST_MATH = YES;
				ONLY_ACTIVE_ARCH = YES;
				SDKROOT = iphoneos;
			};
			name = Debug;
		};
		D0F4737F228E889E0085095D /* Release */ = {
			isa = XCBuildConfiguration;
			buildSettings = {
				ALWAYS_SEARCH_USER_PATHS = NO;
				CLANG_ANALYZER_NONNULL = YES;
				CLANG_ANALYZER_NUMBER_OBJECT_CONVERSION = YES_AGGRESSIVE;
				CLANG_CXX_LANGUAGE_STANDARD = "gnu++14";
				CLANG_CXX_LIBRARY = "libc++";
				CLANG_ENABLE_MODULES = YES;
				CLANG_ENABLE_OBJC_ARC = YES;
				CLANG_ENABLE_OBJC_WEAK = YES;
				CLANG_WARN_BLOCK_CAPTURE_AUTORELEASING = YES;
				CLANG_WARN_BOOL_CONVERSION = YES;
				CLANG_WARN_COMMA = YES;
				CLANG_WARN_CONSTANT_CONVERSION = YES;
				CLANG_WARN_DEPRECATED_OBJC_IMPLEMENTATIONS = YES;
				CLANG_WARN_DIRECT_OBJC_ISA_USAGE = YES_ERROR;
				CLANG_WARN_DOCUMENTATION_COMMENTS = YES;
				CLANG_WARN_EMPTY_BODY = YES;
				CLANG_WARN_ENUM_CONVERSION = YES;
				CLANG_WARN_INFINITE_RECURSION = YES;
				CLANG_WARN_INT_CONVERSION = YES;
				CLANG_WARN_NON_LITERAL_NULL_CONVERSION = YES;
				CLANG_WARN_OBJC_IMPLICIT_RETAIN_SELF = YES;
				CLANG_WARN_OBJC_LITERAL_CONVERSION = YES;
				CLANG_WARN_OBJC_ROOT_CLASS = YES_ERROR;
				CLANG_WARN_RANGE_LOOP_ANALYSIS = YES;
				CLANG_WARN_STRICT_PROTOTYPES = YES;
				CLANG_WARN_SUSPICIOUS_MOVE = YES;
				CLANG_WARN_UNGUARDED_AVAILABILITY = YES_AGGRESSIVE;
				CLANG_WARN_UNREACHABLE_CODE = YES;
				CLANG_WARN__DUPLICATE_METHOD_MATCH = YES;
				CODE_SIGN_IDENTITY = "iPhone Developer";
				COPY_PHASE_STRIP = NO;
				DEBUG_INFORMATION_FORMAT = "dwarf-with-dsym";
				ENABLE_NS_ASSERTIONS = NO;
				ENABLE_STRICT_OBJC_MSGSEND = YES;
				GCC_C_LANGUAGE_STANDARD = gnu11;
				GCC_NO_COMMON_BLOCKS = YES;
				GCC_WARN_64_TO_32_BIT_CONVERSION = YES;
				GCC_WARN_ABOUT_RETURN_TYPE = YES_ERROR;
				GCC_WARN_UNDECLARED_SELECTOR = YES;
				GCC_WARN_UNINITIALIZED_AUTOS = YES_AGGRESSIVE;
				GCC_WARN_UNUSED_FUNCTION = YES;
				GCC_WARN_UNUSED_VARIABLE = YES;
				IPHONEOS_DEPLOYMENT_TARGET = 12.2;
				MTL_ENABLE_DEBUG_INFO = NO;
				MTL_FAST_MATH = YES;
				SDKROOT = iphoneos;
				VALIDATE_PRODUCT = YES;
			};
			name = Release;
		};
		D0F47381228E889E0085095D /* Debug */ = {
			isa = XCBuildConfiguration;
			baseConfigurationReference = C7EC6B08918B87B6C20537D6 /* Pods-FiveIosDemo.debug.xcconfig */;
			buildSettings = {
				ASSETCATALOG_COMPILER_APPICON_NAME = AppIcon;
				CODE_SIGN_STYLE = Automatic;
				DEVELOPMENT_TEAM = 76HXN835QS;
				INFOPLIST_FILE = FiveIosDemo/Info.plist;
				LD_RUNPATH_SEARCH_PATHS = (
					"$(inherited)",
					"@executable_path/Frameworks",
				);
				PRODUCT_BUNDLE_IDENTIFIER = com.zhangrong.FiveIosDemo;
				PRODUCT_NAME = "$(TARGET_NAME)";
				TARGETED_DEVICE_FAMILY = "1,2";
			};
			name = Debug;
		};
		D0F47382228E889E0085095D /* Release */ = {
			isa = XCBuildConfiguration;
			baseConfigurationReference = 792E788C5940E30A61FA0F72 /* Pods-FiveIosDemo.release.xcconfig */;
			buildSettings = {
				ASSETCATALOG_COMPILER_APPICON_NAME = AppIcon;
				CODE_SIGN_STYLE = Automatic;
				DEVELOPMENT_TEAM = 76HXN835QS;
				INFOPLIST_FILE = FiveIosDemo/Info.plist;
				LD_RUNPATH_SEARCH_PATHS = (
					"$(inherited)",
					"@executable_path/Frameworks",
				);
				PRODUCT_BUNDLE_IDENTIFIER = com.zhangrong.FiveIosDemo;
				PRODUCT_NAME = "$(TARGET_NAME)";
				TARGETED_DEVICE_FAMILY = "1,2";
			};
			name = Release;
		};
		D0F47384228E889E0085095D /* Debug */ = {
			isa = XCBuildConfiguration;
			baseConfigurationReference = 84B6AFFA2012D5B092AA6B7E /* Pods-FiveIosDemoTests.debug.xcconfig */;
			buildSettings = {
				BUNDLE_LOADER = "$(TEST_HOST)";
				CODE_SIGN_STYLE = Automatic;
				DEVELOPMENT_TEAM = 76HXN835QS;
				INFOPLIST_FILE = FiveIosDemoTests/Info.plist;
				LD_RUNPATH_SEARCH_PATHS = (
					"$(inherited)",
					"@executable_path/Frameworks",
					"@loader_path/Frameworks",
				);
				PRODUCT_BUNDLE_IDENTIFIER = com.zhangrong.FiveIosDemoTests;
				PRODUCT_NAME = "$(TARGET_NAME)";
				TARGETED_DEVICE_FAMILY = "1,2";
				TEST_HOST = "$(BUILT_PRODUCTS_DIR)/FiveIosDemo.app/FiveIosDemo";
			};
			name = Debug;
		};
		D0F47385228E889E0085095D /* Release */ = {
			isa = XCBuildConfiguration;
			baseConfigurationReference = B7661753ED68C0C6BCA68B65 /* Pods-FiveIosDemoTests.release.xcconfig */;
			buildSettings = {
				BUNDLE_LOADER = "$(TEST_HOST)";
				CODE_SIGN_STYLE = Automatic;
				DEVELOPMENT_TEAM = 76HXN835QS;
				INFOPLIST_FILE = FiveIosDemoTests/Info.plist;
				LD_RUNPATH_SEARCH_PATHS = (
					"$(inherited)",
					"@executable_path/Frameworks",
					"@loader_path/Frameworks",
				);
				PRODUCT_BUNDLE_IDENTIFIER = com.zhangrong.FiveIosDemoTests;
				PRODUCT_NAME = "$(TARGET_NAME)";
				TARGETED_DEVICE_FAMILY = "1,2";
				TEST_HOST = "$(BUILT_PRODUCTS_DIR)/FiveIosDemo.app/FiveIosDemo";
			};
			name = Release;
		};
		D0F47387228E889E0085095D /* Debug */ = {
			isa = XCBuildConfiguration;
			baseConfigurationReference = FFCFC9BC15D7AF3C186E8307 /* Pods-FiveIosDemoUITests.debug.xcconfig */;
			buildSettings = {
				CODE_SIGN_STYLE = Automatic;
				DEVELOPMENT_TEAM = 76HXN835QS;
				INFOPLIST_FILE = FiveIosDemoUITests/Info.plist;
				LD_RUNPATH_SEARCH_PATHS = (
					"$(inherited)",
					"@executable_path/Frameworks",
					"@loader_path/Frameworks",
				);
				PRODUCT_BUNDLE_IDENTIFIER = com.zhangrong.FiveIosDemoUITests;
				PRODUCT_NAME = "$(TARGET_NAME)";
				TARGETED_DEVICE_FAMILY = "1,2";
				TEST_TARGET_NAME = FiveIosDemo;
			};
			name = Debug;
		};
		D0F47388228E889E0085095D /* Release */ = {
			isa = XCBuildConfiguration;
			baseConfigurationReference = 6848AA602CEA3C22BBD55208 /* Pods-FiveIosDemoUITests.release.xcconfig */;
			buildSettings = {
				CODE_SIGN_STYLE = Automatic;
				DEVELOPMENT_TEAM = 76HXN835QS;
				INFOPLIST_FILE = FiveIosDemoUITests/Info.plist;
				LD_RUNPATH_SEARCH_PATHS = (
					"$(inherited)",
					"@executable_path/Frameworks",
					"@loader_path/Frameworks",
				);
				PRODUCT_BUNDLE_IDENTIFIER = com.zhangrong.FiveIosDemoUITests;
				PRODUCT_NAME = "$(TARGET_NAME)";
				TARGETED_DEVICE_FAMILY = "1,2";
				TEST_TARGET_NAME = FiveIosDemo;
			};
			name = Release;
		};
/* End XCBuildConfiguration section */

/* Begin XCConfigurationList section */
		D0F4734F228E889C0085095D /* Build configuration list for PBXProject "FiveIosDemo" */ = {
			isa = XCConfigurationList;
			buildConfigurations = (
				D0F4737E228E889E0085095D /* Debug */,
				D0F4737F228E889E0085095D /* Release */,
			);
			defaultConfigurationIsVisible = 0;
			defaultConfigurationName = Release;
		};
		D0F47380228E889E0085095D /* Build configuration list for PBXNativeTarget "FiveIosDemo" */ = {
			isa = XCConfigurationList;
			buildConfigurations = (
				D0F47381228E889E0085095D /* Debug */,
				D0F47382228E889E0085095D /* Release */,
			);
			defaultConfigurationIsVisible = 0;
			defaultConfigurationName = Release;
		};
		D0F47383228E889E0085095D /* Build configuration list for PBXNativeTarget "FiveIosDemoTests" */ = {
			isa = XCConfigurationList;
			buildConfigurations = (
				D0F47384228E889E0085095D /* Debug */,
				D0F47385228E889E0085095D /* Release */,
			);
			defaultConfigurationIsVisible = 0;
			defaultConfigurationName = Release;
		};
		D0F47386228E889E0085095D /* Build configuration list for PBXNativeTarget "FiveIosDemoUITests" */ = {
			isa = XCConfigurationList;
			buildConfigurations = (
				D0F47387228E889E0085095D /* Debug */,
				D0F47388228E889E0085095D /* Release */,
			);
			defaultConfigurationIsVisible = 0;
			defaultConfigurationName = Release;
		};
/* End XCConfigurationList section */
	};
	rootObject = D0F4734C228E889C0085095D /* Project object */;
}
