PODS:
  - Flutter (1.0.0)
  - flutter_boost (0.0.1):
    - Flutter
    - xservice_kit
  - FlutterPluginRegistrant (0.0.1):
    - Flutter
    - flutter_boost
    - xservice_kit
  - xservice_kit (0.0.1):
    - Flutter

DEPENDENCIES:
  - Flutter (from `../.ios/Flutter/engine`)
  - flutter_boost (from `../.ios/Flutter/.symlinks/flutter_boost/ios`)
  - FlutterPluginRegistrant (from `../.ios/Flutter/FlutterPluginRegistrant`)
  - xservice_kit (from `../.ios/Flutter/.symlinks/xservice_kit/ios`)

EXTERNAL SOURCES:
  Flutter:
    :path: "../.ios/Flutter/engine"
  flutter_boost:
    :path: "../.ios/Flutter/.symlinks/flutter_boost/ios"
  FlutterPluginRegistrant:
    :path: "../.ios/Flutter/FlutterPluginRegistrant"
  xservice_kit:
    :path: "../.ios/Flutter/.symlinks/xservice_kit/ios"

SPEC CHECKSUMS:
  Flutter: 9d0fac939486c9aba2809b7982dfdbb47a7b0296
  flutter_boost: 6a083f2f1b67f9b08724d6c4b280a099d1b40797
  FlutterPluginRegistrant: 03a741d448749633d1912f2ddd8d10776ce4e28b
  xservice_kit: a86c64372b3e41e7d8e9b1a0b9139866680f525c

PODFILE CHECKSUM: 72e1e8175dfc89701dce64d331963d9d73fd85e9

COCOAPODS: 1.5.3
